
Microsoft Visual Studio Solution File, Format Version 12.00
# Visual Studio Version 16
VisualStudioVersion = 16.0.30804.86
MinimumVisualStudioVersion = 10.0.40219.1
Project("{9A19103F-16F7-4668-BE54-9A1E7A4F7556}") = "IntroductoryProject", "IntroductoryProject\IntroductoryProject.csproj", "{C22FDD9E-75CC-4120-9FA1-9EFAA1D0ABD8}"
EndProject
Global
	GlobalSection(SolutionConfigurationPlatforms) = preSolution
		Debug|Any CPU = Debug|Any CPU
		Release|Any CPU = Release|Any CPU
	EndGlobalSection
	GlobalSection(ProjectConfigurationPlatforms) = postSolution
		{C22FDD9E-75CC-4120-9FA1-9EFAA1D0ABD8}.Debug|Any CPU.ActiveCfg = Debug|Any CPU
		{C22FDD9E-75CC-4120-9FA1-9EFAA1D0ABD8}.Debug|Any CPU.Build.0 = Debug|Any CPU
		{C22FDD9E-75CC-4120-9FA1-9EFAA1D0ABD8}.Release|Any CPU.ActiveCfg = Release|Any CPU
		{C22FDD9E-75CC-4120-9FA1-9EFAA1D0ABD8}.Release|Any CPU.Build.0 = Release|Any CPU
	EndGlobalSection
	GlobalSection(SolutionProperties) = preSolution
		HideSolutionNode = FALSE
	EndGlobalSection
	GlobalSection(ExtensibilityGlobals) = postSolution
		SolutionGuid = {51D2E680-162F-4B94-BC44-5C3F4337793E}
	EndGlobalSection
EndGlobal
